
Microsoft Visual Studio Solution File, Format Version 12.00
# Visual Studio Version 17
VisualStudioVersion = 17.5.002.0
MinimumVisualStudioVersion = 10.0.40219.1
Project("{2150E333-8FDC-42A3-9474-1A3956D46DE8}") = "week2", "week2", "{629C7558-90D9-4BF0-862B-101BF413EB98}"
EndProject
Project("{9A19103F-16F7-4668-BE54-9A1E7A4F7556}") = "W02.1.2O03", "week2\W02.1.2O03\W02.1.2O03.csproj", "{BFDAF397-F45E-4EFD-83A4-A68A765060C5}"
EndProject
Global
	GlobalSection(SolutionConfigurationPlatforms) = preSolution
		Debug|Any CPU = Debug|Any CPU
		Release|Any CPU = Release|Any CPU
	EndGlobalSection
	GlobalSection(ProjectConfigurationPlatforms) = postSolution
		{BFDAF397-F45E-4EFD-83A4-A68A765060C5}.Debug|Any CPU.ActiveCfg = Debug|Any CPU
		{BFDAF397-F45E-4EFD-83A4-A68A765060C5}.Debug|Any CPU.Build.0 = Debug|Any CPU
		{BFDAF397-F45E-4EFD-83A4-A68A765060C5}.Release|Any CPU.ActiveCfg = Release|Any CPU
		{BFDAF397-F45E-4EFD-83A4-A68A765060C5}.Release|Any CPU.Build.0 = Release|Any CPU
	EndGlobalSection
	GlobalSection(SolutionProperties) = preSolution
		HideSolutionNode = FALSE
	EndGlobalSection
	GlobalSection(NestedProjects) = preSolution
		{BFDAF397-F45E-4EFD-83A4-A68A765060C5} = {629C7558-90D9-4BF0-862B-101BF413EB98}
	EndGlobalSection
	GlobalSection(ExtensibilityGlobals) = postSolution
		SolutionGuid = {DC029F9B-3C76-4028-83DA-96C8FF4D88B5}
	EndGlobalSection
EndGlobal
