
Microsoft Visual Studio Solution File, Format Version 12.00
# Visual Studio Version 17
VisualStudioVersion = 17.5.002.0
MinimumVisualStudioVersion = 10.0.40219.1
Project("{2150E333-8FDC-42A3-9474-1A3956D46DE8}") = "week2", "week2", "{629C7558-90D9-4BF0-862B-101BF413EB98}"
EndProject
Project("{9A19103F-16F7-4668-BE54-9A1E7A4F7556}") = "W02.1.2O03", "week2\W02.1.2O03\W02.1.2O03.csproj", "{BFDAF397-F45E-4EFD-83A4-A68A765060C5}"
EndProject
Project("{FAE04EC0-301F-11D3-BF4B-00C04F79EFBC}") = "W02.1.2O04", "week2\W02.1.2O04\W02.1.2O04.csproj", "{BC202C0A-EE4F-401E-BA59-A985CC9489AB}"
EndProject
Project("{FAE04EC0-301F-11D3-BF4B-00C04F79EFBC}") = "W02.2.1T01", "week2\W02.2.1T01\W02.2.1T01.csproj", "{6E30F1EC-FF57-447A-BAC7-0758F4408100}"
EndProject
Project("{FAE04EC0-301F-11D3-BF4B-00C04F79EFBC}") = "W02.2.1T02", "week2\W02.2.1T02\W02.2.1T02.csproj", "{50F091D5-31CD-45B8-BBC3-4AB334EEFF4E}"
EndProject
Project("{FAE04EC0-301F-11D3-BF4B-00C04F79EFBC}") = "W02.2.1T03", "week2\W02.2.1T03\W02.2.1T03.csproj", "{38B1944C-9741-4253-A17B-E545FEC2403A}"
EndProject
Project("{FAE04EC0-301F-11D3-BF4B-00C04F79EFBC}") = "W02.2.1T04", "week2\W02.2.1T04\W02.2.1T04.csproj", "{E822BABD-666F-40A7-9D5A-2850B46B7B37}"
EndProject
Project("{FAE04EC0-301F-11D3-BF4B-00C04F79EFBC}") = "W02.2.1T05", "week2\W02.2.1T05\W02.2.1T05.csproj", "{1C7781ED-073A-41F5-9A76-5D1497561E42}"
EndProject
Project("{FAE04EC0-301F-11D3-BF4B-00C04F79EFBC}") = "W02.2.1T06", "week2\W02.2.1T06\W02.2.1T06.csproj", "{E0CBC9F7-F0E2-402A-B93D-685063114E3D}"
EndProject
Project("{FAE04EC0-301F-11D3-BF4B-00C04F79EFBC}") = "W02.2.1T07", "week2\W02.2.1T07\W02.2.1T07.csproj", "{A2D7A024-F2E1-42A8-8D9A-C781E2419BE6}"
EndProject
Project("{FAE04EC0-301F-11D3-BF4B-00C04F79EFBC}") = "W02.2.1T08", "week2\W02.2.1T08\W02.2.1T08.csproj", "{F2DF8C1D-8A6B-458B-A34A-D8848058544B}"
EndProject
Project("{FAE04EC0-301F-11D3-BF4B-00C04F79EFBC}") = "W02.2.1T09", "week2\W02.2.1T09\W02.2.1T09.csproj", "{B6DEC2B4-5912-4150-9437-5472AE921502}"
EndProject
Project("{2150E333-8FDC-42A3-9474-1A3956D46DE8}") = "week3", "week3", "{94F2080B-B918-4BF9-AD07-484FDF922F40}"
EndProject
Project("{FAE04EC0-301F-11D3-BF4B-00C04F79EFBC}") = "W03.1.1T01", "week3\W03.1.1T01\W03.1.1T01.csproj", "{08AB198A-7608-4DCF-8908-59A88CA1E98E}"
EndProject
Project("{FAE04EC0-301F-11D3-BF4B-00C04F79EFBC}") = "W03.1.1T02", "week3\W03.1.1T02\W03.1.1T02.csproj", "{74671F38-46AC-4BF8-88D6-A0A54C59F1F6}"
EndProject
Project("{FAE04EC0-301F-11D3-BF4B-00C04F79EFBC}") = "W03.1.1T04", "week3\W03.1.1T04\W03.1.1T04.csproj", "{2A95801E-1DAC-4297-8930-08EDE86C87C4}"
EndProject
Project("{FAE04EC0-301F-11D3-BF4B-00C04F79EFBC}") = "W03.1.1T05", "week3\W03.1.1T05\W03.1.1T05.csproj", "{954DAE21-E10A-4493-8F89-4F8804DD4459}"
EndProject
Project("{FAE04EC0-301F-11D3-BF4B-00C04F79EFBC}") = "W02.2.2O01", "week2\W02.2.2O01\W02.2.2O01.csproj", "{343B61D1-ED27-4C97-A651-875B7F73C205}"
EndProject
Project("{FAE04EC0-301F-11D3-BF4B-00C04F79EFBC}") = "W02.2.2O02", "week2\W02.2.2O02\W02.2.2O02.csproj", "{6515C297-B3B2-4669-8608-B894F5D4B272}"
EndProject
Project("{FAE04EC0-301F-11D3-BF4B-00C04F79EFBC}") = "W02.2.2O03", "week2\W02.2.2O03\W02.2.2O03.csproj", "{161B0E60-E33C-4408-8BFA-EEDA88537C61}"
EndProject
Project("{FAE04EC0-301F-11D3-BF4B-00C04F79EFBC}") = "W02.2.2O04", "week2\W02.2.2O04\W02.2.2O04.csproj", "{90D143B7-F9A0-49CD-9DC1-2815609CC436}"
EndProject
Project("{FAE04EC0-301F-11D3-BF4B-00C04F79EFBC}") = "W03.1.1T07", "week3\W03.1.1T07\W03.1.1T07.csproj", "{86EC7A7C-D035-43F0-8024-F98CBE58BE62}"
EndProject
Project("{FAE04EC0-301F-11D3-BF4B-00C04F79EFBC}") = "W03.1.1T08", "week3\W03.1.1T08\W03.1.1T08.csproj", "{24CA78DF-0E82-43AC-A503-57A6A85D3E46}"
EndProject
Project("{FAE04EC0-301F-11D3-BF4B-00C04F79EFBC}") = "W03.1.1T09", "week3\W03.1.1T09\W03.1.1T09.csproj", "{7B60FE3D-2C85-4C0A-B9C9-A6DCF28E5FE5}"
EndProject
Project("{FAE04EC0-301F-11D3-BF4B-00C04F79EFBC}") = "W03.1.1O01", "week3\W03.1.1O01\W03.1.1O01.csproj", "{C30FA673-C9E0-43B4-8A16-DF284EBABCB8}"
EndProject
Project("{FAE04EC0-301F-11D3-BF4B-00C04F79EFBC}") = "W03.1.2O02", "week3\W03.1.2O02\W03.1.2O02.csproj", "{77C23C9C-32C1-4DB0-98D6-9574564562E7}"
EndProject
Project("{FAE04EC0-301F-11D3-BF4B-00C04F79EFBC}") = "W03.1.2O03", "week3\W03.1.2O03\W03.1.2O03.csproj", "{A72002C9-CEEC-417F-AEA2-B8D40A30EBCD}"
EndProject
Project("{FAE04EC0-301F-11D3-BF4B-00C04F79EFBC}") = "W03.1.2O04", "week3\W03.1.2O04\W03.1.2O04.csproj", "{D98F9664-B2EC-48A9-9889-ADB8FF4EF2B3}"
EndProject
Project("{FAE04EC0-301F-11D3-BF4B-00C04F79EFBC}") = "W03.2.1T01", "week3\W03.2.1T01\W03.2.1T01.csproj", "{A9990F1F-BE3A-49F6-8801-280B4F881336}"
EndProject
Project("{FAE04EC0-301F-11D3-BF4B-00C04F79EFBC}") = "W03.2.1T02", "week3\W03.2.1T02\W03.2.1T02.csproj", "{550882E5-C2B8-47B1-8198-A61520585301}"
EndProject
Project("{FAE04EC0-301F-11D3-BF4B-00C04F79EFBC}") = "W03.2.2O01", "week3\W03.2.2O01\W03.2.2O01.csproj", "{C87DC3A7-0567-40B5-922C-2A7F7FE705F3}"
EndProject
Project("{FAE04EC0-301F-11D3-BF4B-00C04F79EFBC}") = "W03.2.2O03", "week3\W03.2.2O03\W03.2.2O03.csproj", "{3B166644-C449-4361-AF37-108BBF69C18D}"
EndProject
Global
	GlobalSection(SolutionConfigurationPlatforms) = preSolution
		Debug|Any CPU = Debug|Any CPU
		Release|Any CPU = Release|Any CPU
	EndGlobalSection
	GlobalSection(ProjectConfigurationPlatforms) = postSolution
		{BFDAF397-F45E-4EFD-83A4-A68A765060C5}.Debug|Any CPU.ActiveCfg = Debug|Any CPU
		{BFDAF397-F45E-4EFD-83A4-A68A765060C5}.Debug|Any CPU.Build.0 = Debug|Any CPU
		{BFDAF397-F45E-4EFD-83A4-A68A765060C5}.Release|Any CPU.ActiveCfg = Release|Any CPU
		{BFDAF397-F45E-4EFD-83A4-A68A765060C5}.Release|Any CPU.Build.0 = Release|Any CPU
		{BC202C0A-EE4F-401E-BA59-A985CC9489AB}.Debug|Any CPU.ActiveCfg = Debug|Any CPU
		{BC202C0A-EE4F-401E-BA59-A985CC9489AB}.Debug|Any CPU.Build.0 = Debug|Any CPU
		{BC202C0A-EE4F-401E-BA59-A985CC9489AB}.Release|Any CPU.ActiveCfg = Release|Any CPU
		{BC202C0A-EE4F-401E-BA59-A985CC9489AB}.Release|Any CPU.Build.0 = Release|Any CPU
		{6E30F1EC-FF57-447A-BAC7-0758F4408100}.Debug|Any CPU.ActiveCfg = Debug|Any CPU
		{6E30F1EC-FF57-447A-BAC7-0758F4408100}.Debug|Any CPU.Build.0 = Debug|Any CPU
		{6E30F1EC-FF57-447A-BAC7-0758F4408100}.Release|Any CPU.ActiveCfg = Release|Any CPU
		{6E30F1EC-FF57-447A-BAC7-0758F4408100}.Release|Any CPU.Build.0 = Release|Any CPU
		{50F091D5-31CD-45B8-BBC3-4AB334EEFF4E}.Debug|Any CPU.ActiveCfg = Debug|Any CPU
		{50F091D5-31CD-45B8-BBC3-4AB334EEFF4E}.Debug|Any CPU.Build.0 = Debug|Any CPU
		{50F091D5-31CD-45B8-BBC3-4AB334EEFF4E}.Release|Any CPU.ActiveCfg = Release|Any CPU
		{50F091D5-31CD-45B8-BBC3-4AB334EEFF4E}.Release|Any CPU.Build.0 = Release|Any CPU
		{38B1944C-9741-4253-A17B-E545FEC2403A}.Debug|Any CPU.ActiveCfg = Debug|Any CPU
		{38B1944C-9741-4253-A17B-E545FEC2403A}.Debug|Any CPU.Build.0 = Debug|Any CPU
		{38B1944C-9741-4253-A17B-E545FEC2403A}.Release|Any CPU.ActiveCfg = Release|Any CPU
		{38B1944C-9741-4253-A17B-E545FEC2403A}.Release|Any CPU.Build.0 = Release|Any CPU
		{E822BABD-666F-40A7-9D5A-2850B46B7B37}.Debug|Any CPU.ActiveCfg = Debug|Any CPU
		{E822BABD-666F-40A7-9D5A-2850B46B7B37}.Debug|Any CPU.Build.0 = Debug|Any CPU
		{E822BABD-666F-40A7-9D5A-2850B46B7B37}.Release|Any CPU.ActiveCfg = Release|Any CPU
		{E822BABD-666F-40A7-9D5A-2850B46B7B37}.Release|Any CPU.Build.0 = Release|Any CPU
		{1C7781ED-073A-41F5-9A76-5D1497561E42}.Debug|Any CPU.ActiveCfg = Debug|Any CPU
		{1C7781ED-073A-41F5-9A76-5D1497561E42}.Debug|Any CPU.Build.0 = Debug|Any CPU
		{1C7781ED-073A-41F5-9A76-5D1497561E42}.Release|Any CPU.ActiveCfg = Release|Any CPU
		{1C7781ED-073A-41F5-9A76-5D1497561E42}.Release|Any CPU.Build.0 = Release|Any CPU
		{E0CBC9F7-F0E2-402A-B93D-685063114E3D}.Debug|Any CPU.ActiveCfg = Debug|Any CPU
		{E0CBC9F7-F0E2-402A-B93D-685063114E3D}.Debug|Any CPU.Build.0 = Debug|Any CPU
		{E0CBC9F7-F0E2-402A-B93D-685063114E3D}.Release|Any CPU.ActiveCfg = Release|Any CPU
		{E0CBC9F7-F0E2-402A-B93D-685063114E3D}.Release|Any CPU.Build.0 = Release|Any CPU
		{A2D7A024-F2E1-42A8-8D9A-C781E2419BE6}.Debug|Any CPU.ActiveCfg = Debug|Any CPU
		{A2D7A024-F2E1-42A8-8D9A-C781E2419BE6}.Debug|Any CPU.Build.0 = Debug|Any CPU
		{A2D7A024-F2E1-42A8-8D9A-C781E2419BE6}.Release|Any CPU.ActiveCfg = Release|Any CPU
		{A2D7A024-F2E1-42A8-8D9A-C781E2419BE6}.Release|Any CPU.Build.0 = Release|Any CPU
		{F2DF8C1D-8A6B-458B-A34A-D8848058544B}.Debug|Any CPU.ActiveCfg = Debug|Any CPU
		{F2DF8C1D-8A6B-458B-A34A-D8848058544B}.Debug|Any CPU.Build.0 = Debug|Any CPU
		{F2DF8C1D-8A6B-458B-A34A-D8848058544B}.Release|Any CPU.ActiveCfg = Release|Any CPU
		{F2DF8C1D-8A6B-458B-A34A-D8848058544B}.Release|Any CPU.Build.0 = Release|Any CPU
		{B6DEC2B4-5912-4150-9437-5472AE921502}.Debug|Any CPU.ActiveCfg = Debug|Any CPU
		{B6DEC2B4-5912-4150-9437-5472AE921502}.Debug|Any CPU.Build.0 = Debug|Any CPU
		{B6DEC2B4-5912-4150-9437-5472AE921502}.Release|Any CPU.ActiveCfg = Release|Any CPU
		{B6DEC2B4-5912-4150-9437-5472AE921502}.Release|Any CPU.Build.0 = Release|Any CPU
		{08AB198A-7608-4DCF-8908-59A88CA1E98E}.Debug|Any CPU.ActiveCfg = Debug|Any CPU
		{08AB198A-7608-4DCF-8908-59A88CA1E98E}.Debug|Any CPU.Build.0 = Debug|Any CPU
		{08AB198A-7608-4DCF-8908-59A88CA1E98E}.Release|Any CPU.ActiveCfg = Release|Any CPU
		{08AB198A-7608-4DCF-8908-59A88CA1E98E}.Release|Any CPU.Build.0 = Release|Any CPU
		{74671F38-46AC-4BF8-88D6-A0A54C59F1F6}.Debug|Any CPU.ActiveCfg = Debug|Any CPU
		{74671F38-46AC-4BF8-88D6-A0A54C59F1F6}.Debug|Any CPU.Build.0 = Debug|Any CPU
		{74671F38-46AC-4BF8-88D6-A0A54C59F1F6}.Release|Any CPU.ActiveCfg = Release|Any CPU
		{74671F38-46AC-4BF8-88D6-A0A54C59F1F6}.Release|Any CPU.Build.0 = Release|Any CPU
		{2A95801E-1DAC-4297-8930-08EDE86C87C4}.Debug|Any CPU.ActiveCfg = Debug|Any CPU
		{2A95801E-1DAC-4297-8930-08EDE86C87C4}.Debug|Any CPU.Build.0 = Debug|Any CPU
		{2A95801E-1DAC-4297-8930-08EDE86C87C4}.Release|Any CPU.ActiveCfg = Release|Any CPU
		{2A95801E-1DAC-4297-8930-08EDE86C87C4}.Release|Any CPU.Build.0 = Release|Any CPU
		{954DAE21-E10A-4493-8F89-4F8804DD4459}.Debug|Any CPU.ActiveCfg = Debug|Any CPU
		{954DAE21-E10A-4493-8F89-4F8804DD4459}.Debug|Any CPU.Build.0 = Debug|Any CPU
		{954DAE21-E10A-4493-8F89-4F8804DD4459}.Release|Any CPU.ActiveCfg = Release|Any CPU
		{954DAE21-E10A-4493-8F89-4F8804DD4459}.Release|Any CPU.Build.0 = Release|Any CPU
		{343B61D1-ED27-4C97-A651-875B7F73C205}.Debug|Any CPU.ActiveCfg = Debug|Any CPU
		{343B61D1-ED27-4C97-A651-875B7F73C205}.Debug|Any CPU.Build.0 = Debug|Any CPU
		{343B61D1-ED27-4C97-A651-875B7F73C205}.Release|Any CPU.ActiveCfg = Release|Any CPU
		{343B61D1-ED27-4C97-A651-875B7F73C205}.Release|Any CPU.Build.0 = Release|Any CPU
		{6515C297-B3B2-4669-8608-B894F5D4B272}.Debug|Any CPU.ActiveCfg = Debug|Any CPU
		{6515C297-B3B2-4669-8608-B894F5D4B272}.Debug|Any CPU.Build.0 = Debug|Any CPU
		{6515C297-B3B2-4669-8608-B894F5D4B272}.Release|Any CPU.ActiveCfg = Release|Any CPU
		{6515C297-B3B2-4669-8608-B894F5D4B272}.Release|Any CPU.Build.0 = Release|Any CPU
		{161B0E60-E33C-4408-8BFA-EEDA88537C61}.Debug|Any CPU.ActiveCfg = Debug|Any CPU
		{161B0E60-E33C-4408-8BFA-EEDA88537C61}.Debug|Any CPU.Build.0 = Debug|Any CPU
		{161B0E60-E33C-4408-8BFA-EEDA88537C61}.Release|Any CPU.ActiveCfg = Release|Any CPU
		{161B0E60-E33C-4408-8BFA-EEDA88537C61}.Release|Any CPU.Build.0 = Release|Any CPU
		{90D143B7-F9A0-49CD-9DC1-2815609CC436}.Debug|Any CPU.ActiveCfg = Debug|Any CPU
		{90D143B7-F9A0-49CD-9DC1-2815609CC436}.Debug|Any CPU.Build.0 = Debug|Any CPU
		{90D143B7-F9A0-49CD-9DC1-2815609CC436}.Release|Any CPU.ActiveCfg = Release|Any CPU
		{90D143B7-F9A0-49CD-9DC1-2815609CC436}.Release|Any CPU.Build.0 = Release|Any CPU
		{86EC7A7C-D035-43F0-8024-F98CBE58BE62}.Debug|Any CPU.ActiveCfg = Debug|Any CPU
		{86EC7A7C-D035-43F0-8024-F98CBE58BE62}.Debug|Any CPU.Build.0 = Debug|Any CPU
		{86EC7A7C-D035-43F0-8024-F98CBE58BE62}.Release|Any CPU.ActiveCfg = Release|Any CPU
		{86EC7A7C-D035-43F0-8024-F98CBE58BE62}.Release|Any CPU.Build.0 = Release|Any CPU
		{24CA78DF-0E82-43AC-A503-57A6A85D3E46}.Debug|Any CPU.ActiveCfg = Debug|Any CPU
		{24CA78DF-0E82-43AC-A503-57A6A85D3E46}.Debug|Any CPU.Build.0 = Debug|Any CPU
		{24CA78DF-0E82-43AC-A503-57A6A85D3E46}.Release|Any CPU.ActiveCfg = Release|Any CPU
		{24CA78DF-0E82-43AC-A503-57A6A85D3E46}.Release|Any CPU.Build.0 = Release|Any CPU
		{7B60FE3D-2C85-4C0A-B9C9-A6DCF28E5FE5}.Debug|Any CPU.ActiveCfg = Debug|Any CPU
		{7B60FE3D-2C85-4C0A-B9C9-A6DCF28E5FE5}.Debug|Any CPU.Build.0 = Debug|Any CPU
		{7B60FE3D-2C85-4C0A-B9C9-A6DCF28E5FE5}.Release|Any CPU.ActiveCfg = Release|Any CPU
		{7B60FE3D-2C85-4C0A-B9C9-A6DCF28E5FE5}.Release|Any CPU.Build.0 = Release|Any CPU
		{C30FA673-C9E0-43B4-8A16-DF284EBABCB8}.Debug|Any CPU.ActiveCfg = Debug|Any CPU
		{C30FA673-C9E0-43B4-8A16-DF284EBABCB8}.Debug|Any CPU.Build.0 = Debug|Any CPU
		{C30FA673-C9E0-43B4-8A16-DF284EBABCB8}.Release|Any CPU.ActiveCfg = Release|Any CPU
		{C30FA673-C9E0-43B4-8A16-DF284EBABCB8}.Release|Any CPU.Build.0 = Release|Any CPU
		{77C23C9C-32C1-4DB0-98D6-9574564562E7}.Debug|Any CPU.ActiveCfg = Debug|Any CPU
		{77C23C9C-32C1-4DB0-98D6-9574564562E7}.Debug|Any CPU.Build.0 = Debug|Any CPU
		{77C23C9C-32C1-4DB0-98D6-9574564562E7}.Release|Any CPU.ActiveCfg = Release|Any CPU
		{77C23C9C-32C1-4DB0-98D6-9574564562E7}.Release|Any CPU.Build.0 = Release|Any CPU
		{A72002C9-CEEC-417F-AEA2-B8D40A30EBCD}.Debug|Any CPU.ActiveCfg = Debug|Any CPU
		{A72002C9-CEEC-417F-AEA2-B8D40A30EBCD}.Debug|Any CPU.Build.0 = Debug|Any CPU
		{A72002C9-CEEC-417F-AEA2-B8D40A30EBCD}.Release|Any CPU.ActiveCfg = Release|Any CPU
		{A72002C9-CEEC-417F-AEA2-B8D40A30EBCD}.Release|Any CPU.Build.0 = Release|Any CPU
		{D98F9664-B2EC-48A9-9889-ADB8FF4EF2B3}.Debug|Any CPU.ActiveCfg = Debug|Any CPU
		{D98F9664-B2EC-48A9-9889-ADB8FF4EF2B3}.Debug|Any CPU.Build.0 = Debug|Any CPU
		{D98F9664-B2EC-48A9-9889-ADB8FF4EF2B3}.Release|Any CPU.ActiveCfg = Release|Any CPU
		{D98F9664-B2EC-48A9-9889-ADB8FF4EF2B3}.Release|Any CPU.Build.0 = Release|Any CPU
		{A9990F1F-BE3A-49F6-8801-280B4F881336}.Debug|Any CPU.ActiveCfg = Debug|Any CPU
		{A9990F1F-BE3A-49F6-8801-280B4F881336}.Debug|Any CPU.Build.0 = Debug|Any CPU
		{A9990F1F-BE3A-49F6-8801-280B4F881336}.Release|Any CPU.ActiveCfg = Release|Any CPU
		{A9990F1F-BE3A-49F6-8801-280B4F881336}.Release|Any CPU.Build.0 = Release|Any CPU
		{550882E5-C2B8-47B1-8198-A61520585301}.Debug|Any CPU.ActiveCfg = Debug|Any CPU
		{550882E5-C2B8-47B1-8198-A61520585301}.Debug|Any CPU.Build.0 = Debug|Any CPU
		{550882E5-C2B8-47B1-8198-A61520585301}.Release|Any CPU.ActiveCfg = Release|Any CPU
		{550882E5-C2B8-47B1-8198-A61520585301}.Release|Any CPU.Build.0 = Release|Any CPU
		{C87DC3A7-0567-40B5-922C-2A7F7FE705F3}.Debug|Any CPU.ActiveCfg = Debug|Any CPU
		{C87DC3A7-0567-40B5-922C-2A7F7FE705F3}.Debug|Any CPU.Build.0 = Debug|Any CPU
		{C87DC3A7-0567-40B5-922C-2A7F7FE705F3}.Release|Any CPU.ActiveCfg = Release|Any CPU
		{C87DC3A7-0567-40B5-922C-2A7F7FE705F3}.Release|Any CPU.Build.0 = Release|Any CPU
		{3B166644-C449-4361-AF37-108BBF69C18D}.Debug|Any CPU.ActiveCfg = Debug|Any CPU
		{3B166644-C449-4361-AF37-108BBF69C18D}.Debug|Any CPU.Build.0 = Debug|Any CPU
		{3B166644-C449-4361-AF37-108BBF69C18D}.Release|Any CPU.ActiveCfg = Release|Any CPU
		{3B166644-C449-4361-AF37-108BBF69C18D}.Release|Any CPU.Build.0 = Release|Any CPU
	EndGlobalSection
	GlobalSection(SolutionProperties) = preSolution
		HideSolutionNode = FALSE
	EndGlobalSection
	GlobalSection(NestedProjects) = preSolution
		{BFDAF397-F45E-4EFD-83A4-A68A765060C5} = {629C7558-90D9-4BF0-862B-101BF413EB98}
		{BC202C0A-EE4F-401E-BA59-A985CC9489AB} = {629C7558-90D9-4BF0-862B-101BF413EB98}
		{6E30F1EC-FF57-447A-BAC7-0758F4408100} = {629C7558-90D9-4BF0-862B-101BF413EB98}
		{50F091D5-31CD-45B8-BBC3-4AB334EEFF4E} = {629C7558-90D9-4BF0-862B-101BF413EB98}
		{38B1944C-9741-4253-A17B-E545FEC2403A} = {629C7558-90D9-4BF0-862B-101BF413EB98}
		{E822BABD-666F-40A7-9D5A-2850B46B7B37} = {629C7558-90D9-4BF0-862B-101BF413EB98}
		{1C7781ED-073A-41F5-9A76-5D1497561E42} = {629C7558-90D9-4BF0-862B-101BF413EB98}
		{E0CBC9F7-F0E2-402A-B93D-685063114E3D} = {629C7558-90D9-4BF0-862B-101BF413EB98}
		{A2D7A024-F2E1-42A8-8D9A-C781E2419BE6} = {629C7558-90D9-4BF0-862B-101BF413EB98}
		{F2DF8C1D-8A6B-458B-A34A-D8848058544B} = {629C7558-90D9-4BF0-862B-101BF413EB98}
		{B6DEC2B4-5912-4150-9437-5472AE921502} = {629C7558-90D9-4BF0-862B-101BF413EB98}
		{08AB198A-7608-4DCF-8908-59A88CA1E98E} = {94F2080B-B918-4BF9-AD07-484FDF922F40}
		{74671F38-46AC-4BF8-88D6-A0A54C59F1F6} = {94F2080B-B918-4BF9-AD07-484FDF922F40}
		{2A95801E-1DAC-4297-8930-08EDE86C87C4} = {94F2080B-B918-4BF9-AD07-484FDF922F40}
		{954DAE21-E10A-4493-8F89-4F8804DD4459} = {94F2080B-B918-4BF9-AD07-484FDF922F40}
		{343B61D1-ED27-4C97-A651-875B7F73C205} = {629C7558-90D9-4BF0-862B-101BF413EB98}
		{6515C297-B3B2-4669-8608-B894F5D4B272} = {629C7558-90D9-4BF0-862B-101BF413EB98}
		{161B0E60-E33C-4408-8BFA-EEDA88537C61} = {629C7558-90D9-4BF0-862B-101BF413EB98}
		{90D143B7-F9A0-49CD-9DC1-2815609CC436} = {629C7558-90D9-4BF0-862B-101BF413EB98}
		{86EC7A7C-D035-43F0-8024-F98CBE58BE62} = {94F2080B-B918-4BF9-AD07-484FDF922F40}
		{24CA78DF-0E82-43AC-A503-57A6A85D3E46} = {94F2080B-B918-4BF9-AD07-484FDF922F40}
		{7B60FE3D-2C85-4C0A-B9C9-A6DCF28E5FE5} = {94F2080B-B918-4BF9-AD07-484FDF922F40}
		{C30FA673-C9E0-43B4-8A16-DF284EBABCB8} = {94F2080B-B918-4BF9-AD07-484FDF922F40}
		{77C23C9C-32C1-4DB0-98D6-9574564562E7} = {94F2080B-B918-4BF9-AD07-484FDF922F40}
		{A72002C9-CEEC-417F-AEA2-B8D40A30EBCD} = {94F2080B-B918-4BF9-AD07-484FDF922F40}
		{D98F9664-B2EC-48A9-9889-ADB8FF4EF2B3} = {94F2080B-B918-4BF9-AD07-484FDF922F40}
		{A9990F1F-BE3A-49F6-8801-280B4F881336} = {94F2080B-B918-4BF9-AD07-484FDF922F40}
		{550882E5-C2B8-47B1-8198-A61520585301} = {94F2080B-B918-4BF9-AD07-484FDF922F40}
		{C87DC3A7-0567-40B5-922C-2A7F7FE705F3} = {94F2080B-B918-4BF9-AD07-484FDF922F40}
		{3B166644-C449-4361-AF37-108BBF69C18D} = {94F2080B-B918-4BF9-AD07-484FDF922F40}
	EndGlobalSection
	GlobalSection(ExtensibilityGlobals) = postSolution
		SolutionGuid = {DC029F9B-3C76-4028-83DA-96C8FF4D88B5}
	EndGlobalSection
EndGlobal
